
Microsoft Visual Studio Solution File, Format Version 12.00
# Visual Studio Version 17
VisualStudioVersion = 17.1.32228.430
MinimumVisualStudioVersion = 10.0.40219.1
Project("{FAE04EC0-301F-11D3-BF4B-00C04F79EFBC}") = "TestUnitProjectExample20231016", "TestUnitProjectExample20231016\TestUnitProjectExample20231016.csproj", "{B9BF372D-0DA1-48F1-BC30-65BC909FA42E}"
EndProject
Project("{FAE04EC0-301F-11D3-BF4B-00C04F79EFBC}") = "TestUnitProjectExample20231016.Test", "TestUnitProjectExample20231016.Test\TestUnitProjectExample20231016.Test.csproj", "{5E640331-8224-4393-A7E8-923EC826300C}"
EndProject
Global
	GlobalSection(SolutionConfigurationPlatforms) = preSolution
		Debug|Any CPU = Debug|Any CPU
		Release|Any CPU = Release|Any CPU
	EndGlobalSection
	GlobalSection(ProjectConfigurationPlatforms) = postSolution
		{B9BF372D-0DA1-48F1-BC30-65BC909FA42E}.Debug|Any CPU.ActiveCfg = Debug|Any CPU
		{B9BF372D-0DA1-48F1-BC30-65BC909FA42E}.Debug|Any CPU.Build.0 = Debug|Any CPU
		{B9BF372D-0DA1-48F1-BC30-65BC909FA42E}.Release|Any CPU.ActiveCfg = Release|Any CPU
		{B9BF372D-0DA1-48F1-BC30-65BC909FA42E}.Release|Any CPU.Build.0 = Release|Any CPU
		{5E640331-8224-4393-A7E8-923EC826300C}.Debug|Any CPU.ActiveCfg = Debug|Any CPU
		{5E640331-8224-4393-A7E8-923EC826300C}.Debug|Any CPU.Build.0 = Debug|Any CPU
		{5E640331-8224-4393-A7E8-923EC826300C}.Release|Any CPU.ActiveCfg = Release|Any CPU
		{5E640331-8224-4393-A7E8-923EC826300C}.Release|Any CPU.Build.0 = Release|Any CPU
	EndGlobalSection
	GlobalSection(SolutionProperties) = preSolution
		HideSolutionNode = FALSE
	EndGlobalSection
	GlobalSection(ExtensibilityGlobals) = postSolution
		SolutionGuid = {9DABA074-032A-46D1-808B-4B87EDC33468}
	EndGlobalSection
EndGlobal
